PODS:
  - SSNaturalLanguage (0.1.0)

DEPENDENCIES:
  - SSNaturalLanguage (from `../`)

EXTERNAL SOURCES:
  SSNaturalLanguage:
    :path: "../"

SPEC CHECKSUMS:
  SSNaturalLanguage: 74e2482a85c230373dc41abbb0d0a62b36f42f51

PODFILE CHECKSUM: 7f43de8b3bd1151f1c950af9e8033d9839216588

COCOAPODS: 1.10.0
