PODS:
  - SSNaturalLanguage (0.1.0)

DEPENDENCIES:
  - SSNaturalLanguage (from `../`)

EXTERNAL SOURCES:
  SSNaturalLanguage:
    :path: "../"

SPEC CHECKSUMS:
  SSNaturalLanguage: a31dfb5844ec807ac214caf2064c4996e84e94c4

PODFILE CHECKSUM: 7f43de8b3bd1151f1c950af9e8033d9839216588

COCOAPODS: 1.10.0
