PODS:
  - SSNaturalLanguage (0.1.0)

DEPENDENCIES:
  - SSNaturalLanguage (from `../`)

EXTERNAL SOURCES:
  SSNaturalLanguage:
    :path: "../"

SPEC CHECKSUMS:
  SSNaturalLanguage: ff377b1baeceb1d6809116dbd52a723982944ac1

PODFILE CHECKSUM: 29b84addba27652a352ff9cf335479aa7f48fd82

COCOAPODS: 1.10.0
