PODS:
  - SSNaturalLanguage (0.1.0)

DEPENDENCIES:
  - SSNaturalLanguage (from `../`)

EXTERNAL SOURCES:
  SSNaturalLanguage:
    :path: "../"

SPEC CHECKSUMS:
  SSNaturalLanguage: 83b9bc812dcff7e450e29ca6785f162177d5e680

PODFILE CHECKSUM: 29b84addba27652a352ff9cf335479aa7f48fd82

COCOAPODS: 1.10.0
