// !$*UTF8*$!
{
	archiveVersion = 1;
	classes = {
	};
	objectVersion = 50;
	objects = {

/* Begin PBXBuildFile section */
		CDCA4B17260B3A84004F3E7F /* AppDelegate.swift in Sources */ = {isa = PBXBuildFile; fileRef = CDCA4B16260B3A84004F3E7F /* AppDelegate.swift */; };
		CDCA4B19260B3A84004F3E7F /* SceneDelegate.swift in Sources */ = {isa = PBXBuildFile; fileRef = CDCA4B18260B3A84004F3E7F /* SceneDelegate.swift */; };
		CDCA4B1B260B3A84004F3E7F /* ViewController.swift in Sources */ = {isa = PBXBuildFile; fileRef = CDCA4B1A260B3A84004F3E7F /* ViewController.swift */; };
		CDCA4B1E260B3A84004F3E7F /* Main.storyboard in Resources */ = {isa = PBXBuildFile; fileRef = CDCA4B1C260B3A84004F3E7F /* Main.storyboard */; };
		CDCA4B20260B3A86004F3E7F /* Assets.xcassets in Resources */ = {isa = PBXBuildFile; fileRef = CDCA4B1F260B3A86004F3E7F /* Assets.xcassets */; };
		CDCA4B23260B3A86004F3E7F /* LaunchScreen.storyboard in Resources */ = {isa = PBXBuildFile; fileRef = CDCA4B21260B3A86004F3E7F /* LaunchScreen.storyboard */; };
		CDCA4B2C260B3B8A004F3E7F /* String+Extension.swift in Sources */ = {isa = PBXBuildFile; fileRef = CDCA4B2B260B3B8A004F3E7F /* String+Extension.swift */; };
/* End PBXBuildFile section */

/* Begin PBXFileReference section */
		CDCA4B13260B3A84004F3E7F /* SSNaturalLanguage.app */ = {isa = PBXFileReference; explicitFileType = wrapper.application; includeInIndex = 0; path = SSNaturalLanguage.app; sourceTree = BUILT_PRODUCTS_DIR; };
		CDCA4B16260B3A84004F3E7F /* AppDelegate.swift */ = {isa = PBXFileReference; lastKnownFileType = sourcecode.swift; path = AppDelegate.swift; sourceTree = "<group>"; };
		CDCA4B18260B3A84004F3E7F /* SceneDelegate.swift */ = {isa = PBXFileReference; lastKnownFileType = sourcecode.swift; path = SceneDelegate.swift; sourceTree = "<group>"; };
		CDCA4B1A260B3A84004F3E7F /* ViewController.swift */ = {isa = PBXFileReference; lastKnownFileType = sourcecode.swift; path = ViewController.swift; sourceTree = "<group>"; };
		CDCA4B1D260B3A84004F3E7F /* Base */ = {isa = PBXFileReference; lastKnownFileType = file.storyboard; name = Base; path = Base.lproj/Main.storyboard; sourceTree = "<group>"; };
		CDCA4B1F260B3A86004F3E7F /* Assets.xcassets */ = {isa = PBXFileReference; lastKnownFileType = folder.assetcatalog; path = Assets.xcassets; sourceTree = "<group>"; };
		CDCA4B22260B3A86004F3E7F /* Base */ = {isa = PBXFileReference; lastKnownFileType = file.storyboard; name = Base; path = Base.lproj/LaunchScreen.storyboard; sourceTree = "<group>"; };
		CDCA4B24260B3A86004F3E7F /* Info.plist */ = {isa = PBXFileReference; lastKnownFileType = text.plist.xml; path = Info.plist; sourceTree = "<group>"; };
		CDCA4B2B260B3B8A004F3E7F /* String+Extension.swift */ = {isa = PBXFileReference; lastKnownFileType = sourcecode.swift; path = "String+Extension.swift"; sourceTree = "<group>"; };
/* End PBXFileReference section */

/* Begin PBXFrameworksBuildPhase section */
		CDCA4B10260B3A84004F3E7F /* Frameworks */ = {
			isa = PBXFrameworksBuildPhase;
			buildActionMask = 2147483647;
			files = (
			);
			runOnlyForDeploymentPostprocessing = 0;
		};
/* End PBXFrameworksBuildPhase section */

/* Begin PBXGroup section */
		CDCA4B0A260B3A84004F3E7F = {
			isa = PBXGroup;
			children = (
				CDCA4B15260B3A84004F3E7F /* SSNaturalLanguage */,
				CDCA4B14260B3A84004F3E7F /* Products */,
			);
			sourceTree = "<group>";
		};
		CDCA4B14260B3A84004F3E7F /* Products */ = {
			isa = PBXGroup;
			children = (
				CDCA4B13260B3A84004F3E7F /* SSNaturalLanguage.app */,
			);
			name = Products;
			sourceTree = "<group>";
		};
		CDCA4B15260B3A84004F3E7F /* SSNaturalLanguage */ = {
			isa = PBXGroup;
			children = (
				CDCA4B16260B3A84004F3E7F /* AppDelegate.swift */,
				CDCA4B18260B3A84004F3E7F /* SceneDelegate.swift */,
				CDCA4B1A260B3A84004F3E7F /* ViewController.swift */,
				CDCA4B1C260B3A84004F3E7F /* Main.storyboard */,
				CDCA4B1F260B3A86004F3E7F /* Assets.xcassets */,
				CDCA4B21260B3A86004F3E7F /* LaunchScreen.storyboard */,
				CDCA4B24260B3A86004F3E7F /* Info.plist */,
				CDCA4B2B260B3B8A004F3E7F /* String+Extension.swift */,
			);
			path = SSNaturalLanguage;
			sourceTree = "<group>";
		};
/* End PBXGroup section */

/* Begin PBXNativeTarget section */
		CDCA4B12260B3A84004F3E7F /* SSNaturalLanguage */ = {
			isa = PBXNativeTarget;
			buildConfigurationList = CDCA4B27260B3A86004F3E7F /* Build configuration list for PBXNativeTarget "SSNaturalLanguage" */;
			buildPhases = (
				CDCA4B0F260B3A84004F3E7F /* Sources */,
				CDCA4B10260B3A84004F3E7F /* Frameworks */,
				CDCA4B11260B3A84004F3E7F /* Resources */,
			);
			buildRules = (
			);
			dependencies = (
			);
			name = SSNaturalLanguage;
			productName = SSNaturalLanguage;
			productReference = CDCA4B13260B3A84004F3E7F /* SSNaturalLanguage.app */;
			productType = "com.apple.product-type.application";
		};
/* End PBXNativeTarget section */

/* Begin PBXProject section */
		CDCA4B0B260B3A84004F3E7F /* Project object */ = {
			isa = PBXProject;
			attributes = {
				LastSwiftUpdateCheck = 1230;
				LastUpgradeCheck = 1230;
				TargetAttributes = {
					CDCA4B12260B3A84004F3E7F = {
						CreatedOnToolsVersion = 12.3;
					};
				};
			};
			buildConfigurationList = CDCA4B0E260B3A84004F3E7F /* Build configuration list for PBXProject "SSNaturalLanguage" */;
			compatibilityVersion = "Xcode 9.3";
			developmentRegion = en;
			hasScannedForEncodings = 0;
			knownRegions = (
				en,
				Base,
			);
			mainGroup = CDCA4B0A260B3A84004F3E7F;
			productRefGroup = CDCA4B14260B3A84004F3E7F /* Products */;
			projectDirPath = "";
			projectRoot = "";
			targets = (
				CDCA4B12260B3A84004F3E7F /* SSNaturalLanguage */,
			);
		};
/* End PBXProject section */

/* Begin PBXResourcesBuildPhase section */
		CDCA4B11260B3A84004F3E7F /* Resources */ = {
			isa = PBXResourcesBuildPhase;
			buildActionMask = 2147483647;
			files = (
				CDCA4B23260B3A86004F3E7F /* LaunchScreen.storyboard in Resources */,
				CDCA4B20260B3A86004F3E7F /* Assets.xcassets in Resources */,
				CDCA4B1E260B3A84004F3E7F /* Main.storyboard in Resources */,
			);
			runOnlyForDeploymentPostprocessing = 0;
		};
/* End PBXResourcesBuildPhase section */

/* Begin PBXSourcesBuildPhase section */
		CDCA4B0F260B3A84004F3E7F /* Sources */ = {
			isa = PBXSourcesBuildPhase;
			buildActionMask = 2147483647;
			files = (
				CDCA4B2C260B3B8A004F3E7F /* String+Extension.swift in Sources */,
				CDCA4B1B260B3A84004F3E7F /* ViewController.swift in Sources */,
				CDCA4B17260B3A84004F3E7F /* AppDelegate.swift in Sources */,
				CDCA4B19260B3A84004F3E7F /* SceneDelegate.swift in Sources */,
			);
			runOnlyForDeploymentPostprocessing = 0;
		};
/* End PBXSourcesBuildPhase section */

/* Begin PBXVariantGroup section */
		CDCA4B1C260B3A84004F3E7F /* Main.storyboard */ = {
			isa = PBXVariantGroup;
			children = (
				CDCA4B1D260B3A84004F3E7F /* Base */,
			);
			name = Main.storyboard;
			sourceTree = "<group>";
		};
		CDCA4B21260B3A86004F3E7F /* LaunchScreen.storyboard */ = {
			isa = PBXVariantGroup;
			children = (
				CDCA4B22260B3A86004F3E7F /* Base */,
			);
			name = LaunchScreen.storyboard;
			sourceTree = "<group>";
		};
/* End PBXVariantGroup section */

/* Begin XCBuildConfiguration section */
		CDCA4B25260B3A86004F3E7F /* Debug */ = {
			isa = XCBuildConfiguration;
			buildSettings = {
				ALWAYS_SEARCH_USER_PATHS = NO;
				CLANG_ANALYZER_NONNULL = YES;
				CLANG_ANALYZER_NUMBER_OBJECT_CONVERSION = YES_AGGRESSIVE;
				CLANG_CXX_LANGUAGE_STANDARD = "gnu++14";
				CLANG_CXX_LIBRARY = "libc++";
				CLANG_ENABLE_MODULES = YES;
				CLANG_ENABLE_OBJC_ARC = YES;
				CLANG_ENABLE_OBJC_WEAK = YES;
				CLANG_WARN_BLOCK_CAPTURE_AUTORELEASING = YES;
				CLANG_WARN_BOOL_CONVERSION = YES;
				CLANG_WARN_COMMA = YES;
				CLANG_WARN_CONSTANT_CONVERSION = YES;
				CLANG_WARN_DEPRECATED_OBJC_IMPLEMENTATIONS = YES;
				CLANG_WARN_DIRECT_OBJC_ISA_USAGE = YES_ERROR;
				CLANG_WARN_DOCUMENTATION_COMMENTS = YES;
				CLANG_WARN_EMPTY_BODY = YES;
				CLANG_WARN_ENUM_CONVERSION = YES;
				CLANG_WARN_INFINITE_RECURSION = YES;
				CLANG_WARN_INT_CONVERSION = YES;
				CLANG_WARN_NON_LITERAL_NULL_CONVERSION = YES;
				CLANG_WARN_OBJC_IMPLICIT_RETAIN_SELF = YES;
				CLANG_WARN_OBJC_LITERAL_CONVERSION = YES;
				CLANG_WARN_OBJC_ROOT_CLASS = YES_ERROR;
				CLANG_WARN_QUOTED_INCLUDE_IN_FRAMEWORK_HEADER = YES;
				CLANG_WARN_RANGE_LOOP_ANALYSIS = YES;
				CLANG_WARN_STRICT_PROTOTYPES = YES;
				CLANG_WARN_SUSPICIOUS_MOVE = YES;
				CLANG_WARN_UNGUARDED_AVAILABILITY = YES_AGGRESSIVE;
				CLANG_WARN_UNREACHABLE_CODE = YES;
				CLANG_WARN__DUPLICATE_METHOD_MATCH = YES;
				COPY_PHASE_STRIP = NO;
				DEBUG_INFORMATION_FORMAT = dwarf;
				ENABLE_STRICT_OBJC_MSGSEND = YES;
				ENABLE_TESTABILITY = YES;
				GCC_C_LANGUAGE_STANDARD = gnu11;
				GCC_DYNAMIC_NO_PIC = NO;
				GCC_NO_COMMON_BLOCKS = YES;
				GCC_OPTIMIZATION_LEVEL = 0;
				GCC_PREPROCESSOR_DEFINITIONS = (
					"DEBUG=1",
					"$(inherited)",
				);
				GCC_WARN_64_TO_32_BIT_CONVERSION = YES;
				GCC_WARN_ABOUT_RETURN_TYPE = YES_ERROR;
				GCC_WARN_UNDECLARED_SELECTOR = YES;
				GCC_WARN_UNINITIALIZED_AUTOS = YES_AGGRESSIVE;
				GCC_WARN_UNUSED_FUNCTION = YES;
				GCC_WARN_UNUSED_VARIABLE = YES;
				IPHONEOS_DEPLOYMENT_TARGET = 14.3;
				MTL_ENABLE_DEBUG_INFO = INCLUDE_SOURCE;
				MTL_FAST_MATH = YES;
				ONLY_ACTIVE_ARCH = YES;
				SDKROOT = iphoneos;
				SWIFT_ACTIVE_COMPILATION_CONDITIONS = DEBUG;
				SWIFT_OPTIMIZATION_LEVEL = "-Onone";
			};
			name = Debug;
		};
		CDCA4B26260B3A86004F3E7F /* Release */ = {
			isa = XCBuildConfiguration;
			buildSettings = {
				ALWAYS_SEARCH_USER_PATHS = NO;
				CLANG_ANALYZER_NONNULL = YES;
				CLANG_ANALYZER_NUMBER_OBJECT_CONVERSION = YES_AGGRESSIVE;
				CLANG_CXX_LANGUAGE_STANDARD = "gnu++14";
				CLANG_CXX_LIBRARY = "libc++";
				CLANG_ENABLE_MODULES = YES;
				CLANG_ENABLE_OBJC_ARC = YES;
				CLANG_ENABLE_OBJC_WEAK = YES;
				CLANG_WARN_BLOCK_CAPTURE_AUTORELEASING = YES;
				CLANG_WARN_BOOL_CONVERSION = YES;
				CLANG_WARN_COMMA = YES;
				CLANG_WARN_CONSTANT_CONVERSION = YES;
				CLANG_WARN_DEPRECATED_OBJC_IMPLEMENTATIONS = YES;
				CLANG_WARN_DIRECT_OBJC_ISA_USAGE = YES_ERROR;
				CLANG_WARN_DOCUMENTATION_COMMENTS = YES;
				CLANG_WARN_EMPTY_BODY = YES;
				CLANG_WARN_ENUM_CONVERSION = YES;
				CLANG_WARN_INFINITE_RECURSION = YES;
				CLANG_WARN_INT_CONVERSION = YES;
				CLANG_WARN_NON_LITERAL_NULL_CONVERSION = YES;
				CLANG_WARN_OBJC_IMPLICIT_RETAIN_SELF = YES;
				CLANG_WARN_OBJC_LITERAL_CONVERSION = YES;
				CLANG_WARN_OBJC_ROOT_CLASS = YES_ERROR;
				CLANG_WARN_QUOTED_INCLUDE_IN_FRAMEWORK_HEADER = YES;
				CLANG_WARN_RANGE_LOOP_ANALYSIS = YES;
				CLANG_WARN_STRICT_PROTOTYPES = YES;
				CLANG_WARN_SUSPICIOUS_MOVE = YES;
				CLANG_WARN_UNGUARDED_AVAILABILITY = YES_AGGRESSIVE;
				CLANG_WARN_UNREACHABLE_CODE = YES;
				CLANG_WARN__DUPLICATE_METHOD_MATCH = YES;
				COPY_PHASE_STRIP = NO;
				DEBUG_INFORMATION_FORMAT = "dwarf-with-dsym";
				ENABLE_NS_ASSERTIONS = NO;
				ENABLE_STRICT_OBJC_MSGSEND = YES;
				GCC_C_LANGUAGE_STANDARD = gnu11;
				GCC_NO_COMMON_BLOCKS = YES;
				GCC_WARN_64_TO_32_BIT_CONVERSION = YES;
				GCC_WARN_ABOUT_RETURN_TYPE = YES_ERROR;
				GCC_WARN_UNDECLARED_SELECTOR = YES;
				GCC_WARN_UNINITIALIZED_AUTOS = YES_AGGRESSIVE;
				GCC_WARN_UNUSED_FUNCTION = YES;
				GCC_WARN_UNUSED_VARIABLE = YES;
				IPHONEOS_DEPLOYMENT_TARGET = 14.3;
				MTL_ENABLE_DEBUG_INFO = NO;
				MTL_FAST_MATH = YES;
				SDKROOT = iphoneos;
				SWIFT_COMPILATION_MODE = wholemodule;
				SWIFT_OPTIMIZATION_LEVEL = "-O";
				VALIDATE_PRODUCT = YES;
			};
			name = Release;
		};
		CDCA4B28260B3A86004F3E7F /* Debug */ = {
			isa = XCBuildConfiguration;
			buildSettings = {
				ASSETCATALOG_COMPILER_APPICON_NAME = AppIcon;
				ASSETCATALOG_COMPILER_GLOBAL_ACCENT_COLOR_NAME = AccentColor;
				CODE_SIGN_STYLE = Automatic;
				DEVELOPMENT_TEAM = K7XJG666ZW;
				INFOPLIST_FILE = SSNaturalLanguage/Info.plist;
				LD_RUNPATH_SEARCH_PATHS = (
					"$(inherited)",
					"@executable_path/Frameworks",
				);
				PRODUCT_BUNDLE_IDENTIFIER = com.simform.SSNaturalLanguage;
				PRODUCT_NAME = "$(TARGET_NAME)";
				SWIFT_VERSION = 5.0;
				TARGETED_DEVICE_FAMILY = "1,2";
			};
			name = Debug;
		};
		CDCA4B29260B3A86004F3E7F /* Release */ = {
			isa = XCBuildConfiguration;
			buildSettings = {
				ASSETCATALOG_COMPILER_APPICON_NAME = AppIcon;
				ASSETCATALOG_COMPILER_GLOBAL_ACCENT_COLOR_NAME = AccentColor;
				CODE_SIGN_STYLE = Automatic;
				DEVELOPMENT_TEAM = K7XJG666ZW;
				INFOPLIST_FILE = SSNaturalLanguage/Info.plist;
				LD_RUNPATH_SEARCH_PATHS = (
					"$(inherited)",
					"@executable_path/Frameworks",
				);
				PRODUCT_BUNDLE_IDENTIFIER = com.simform.SSNaturalLanguage;
				PRODUCT_NAME = "$(TARGET_NAME)";
				SWIFT_VERSION = 5.0;
				TARGETED_DEVICE_FAMILY = "1,2";
			};
			name = Release;
		};
/* End XCBuildConfiguration section */

/* Begin XCConfigurationList section */
		CDCA4B0E260B3A84004F3E7F /* Build configuration list for PBXProject "SSNaturalLanguage" */ = {
			isa = XCConfigurationList;
			buildConfigurations = (
				CDCA4B25260B3A86004F3E7F /* Debug */,
				CDCA4B26260B3A86004F3E7F /* Release */,
			);
			defaultConfigurationIsVisible = 0;
			defaultConfigurationName = Release;
		};
		CDCA4B27260B3A86004F3E7F /* Build configuration list for PBXNativeTarget "SSNaturalLanguage" */ = {
			isa = XCConfigurationList;
			buildConfigurations = (
				CDCA4B28260B3A86004F3E7F /* Debug */,
				CDCA4B29260B3A86004F3E7F /* Release */,
			);
			defaultConfigurationIsVisible = 0;
			defaultConfigurationName = Release;
		};
/* End XCConfigurationList section */
	};
	rootObject = CDCA4B0B260B3A84004F3E7F /* Project object */;
}
